
Microsoft Visual Studio Solution File, Format Version 11.00
# Visual Studio 2010
Project("{FAE04EC0-301F-11D3-BF4B-00C04F79EFBC}") = "Assembly-CSharp", "Assembly-CSharp.csproj", "{FE33DE84-CD6E-DD34-C4C2-AE0D17E07B70}"
EndProject
Project("{FAE04EC0-301F-11D3-BF4B-00C04F79EFBC}") = "Assembly-CSharp-firstpass", "Assembly-CSharp-firstpass.csproj", "{1C4C083B-D019-578A-1D46-63C6AA2A1A5B}"
EndProject
Global
	GlobalSection(SolutionConfigurationPlatforms) = preSolution
		Debug|Any CPU = Debug|Any CPU
		Release|Any CPU = Release|Any CPU
	EndGlobalSection
	GlobalSection(ProjectConfigurationPlatforms) = postSolution
		{FE33DE84-CD6E-DD34-C4C2-AE0D17E07B70}.Debug|Any CPU.ActiveCfg = Debug|Any CPU
		{FE33DE84-CD6E-DD34-C4C2-AE0D17E07B70}.Debug|Any CPU.Build.0 = Debug|Any CPU
		{FE33DE84-CD6E-DD34-C4C2-AE0D17E07B70}.Release|Any CPU.ActiveCfg = Release|Any CPU
		{FE33DE84-CD6E-DD34-C4C2-AE0D17E07B70}.Release|Any CPU.Build.0 = Release|Any CPU
		{1C4C083B-D019-578A-1D46-63C6AA2A1A5B}.Debug|Any CPU.ActiveCfg = Debug|Any CPU
		{1C4C083B-D019-578A-1D46-63C6AA2A1A5B}.Debug|Any CPU.Build.0 = Debug|Any CPU
		{1C4C083B-D019-578A-1D46-63C6AA2A1A5B}.Release|Any CPU.ActiveCfg = Release|Any CPU
		{1C4C083B-D019-578A-1D46-63C6AA2A1A5B}.Release|Any CPU.Build.0 = Release|Any CPU
	EndGlobalSection
	GlobalSection(SolutionProperties) = preSolution
		HideSolutionNode = FALSE
	EndGlobalSection
	GlobalSection(MonoDevelopProperties) = preSolution
		StartupItem = Assembly-CSharp.csproj
	EndGlobalSection
EndGlobal
